{
  "originHash" : "5fd11f9ddba54a22ac62b44945c489fcf306cd191a072ac0f9ee291e0841170a",
  "pins" : [
    {
      "identity" : "kingfisher",
      "kind" : "remoteSourceControl",
      "location" : "https://github.com/onevcat/Kingfisher.git",
      "state" : {
        "revision" : "c152c1915f60c51e4afa0752656993ee5b3c63db",
        "version" : "8.8.1"
      }
    },
    {
      "identity" : "razorpay-pod",
      "kind" : "remoteSourceControl",
      "location" : "https://github.com/razorpay/razorpay-pod.git",
      "state" : {
        "revision" : "45950a6a8f3660a0d9093838fcbbdff9b20335ab",
        "version" : "1.5.3"
      }
    }
  ],
  "version" : 3
}
